lockfileVersion: 5.4

specifiers:
  miniprogram-api-typings: ^3.6.0

devDependencies:
  miniprogram-api-typings: 3.6.0

packages:

  /miniprogram-api-typings/3.6.0:
    resolution: {integrity: sha512-xwK3PzhhxnfWqDfBikHLdAbj7Wy4F887nBcQrzwuF758Fw2qC4ivpKPL9t0uJZk5QYnU28+NqA7Q3lzYGMHQnA==}
    dev: true
