lockfileVersion: 5.4

specifiers:
  miniprogram-api-typings: ^2.8.3-1

devDependencies:
  miniprogram-api-typings: 2.12.0

packages:

  /miniprogram-api-typings/2.12.0:
    resolution: {integrity: sha512-ibvbqeslVFur0IAvTxLMvsbtvVcMo6gwvOnj0YZHV7aeDLu091VQRrETT2QuiG9P6aZWRcxeNGJChRKVPCp9VQ==}
    dev: true
